// !$*UTF8*$!
{
	archiveVersion = 1;
	classes = {
	};
	objectVersion = 50;
	objects = {

/* Begin PBXBuildFile section */
		ED42256022E477D600884790 /* AppDelegate.swift in Sources */ = {isa = PBXBuildFile; fileRef = ED42255F22E477D600884790 /* AppDelegate.swift */; };
		ED42256222E477D600884790 /* MainViewController.swift in Sources */ = {isa = PBXBuildFile; fileRef = ED42256122E477D600884790 /* MainViewController.swift */; };
		ED42256522E477D600884790 /* Main.storyboard in Resources */ = {isa = PBXBuildFile; fileRef = ED42256322E477D600884790 /* Main.storyboard */; };
		ED42256722E477D800884790 /* Assets.xcassets in Resources */ = {isa = PBXBuildFile; fileRef = ED42256622E477D800884790 /* Assets.xcassets */; };
		ED42256A22E477D800884790 /* LaunchScreen.storyboard in Resources */ = {isa = PBXBuildFile; fileRef = ED42256822E477D800884790 /* LaunchScreen.storyboard */; };
		ED42257322E5863E00884790 /* Font-Helpers.swift in Sources */ = {isa = PBXBuildFile; fileRef = ED42257222E5863E00884790 /* Font-Helpers.swift */; };
/* End PBXBuildFile section */

/* Begin PBXFileReference section */
		ED42255C22E477D600884790 /* Online Doğru Yanlış.app */ = {isa = PBXFileReference; explicitFileType = wrapper.application; includeInIndex = 0; path = "Online Doğru Yanlış.app"; sourceTree = BUILT_PRODUCTS_DIR; };
		ED42255F22E477D600884790 /* AppDelegate.swift */ = {isa = PBXFileReference; lastKnownFileType = sourcecode.swift; path = AppDelegate.swift; sourceTree = "<group>"; };
		ED42256122E477D600884790 /* MainViewController.swift */ = {isa = PBXFileReference; lastKnownFileType = sourcecode.swift; path = MainViewController.swift; sourceTree = "<group>"; };
		ED42256422E477D600884790 /* Base */ = {isa = PBXFileReference; lastKnownFileType = file.storyboard; name = Base; path = Base.lproj/Main.storyboard; sourceTree = "<group>"; };
		ED42256622E477D800884790 /* Assets.xcassets */ = {isa = PBXFileReference; lastKnownFileType = folder.assetcatalog; path = Assets.xcassets; sourceTree = "<group>"; };
		ED42256922E477D800884790 /* Base */ = {isa = PBXFileReference; lastKnownFileType = file.storyboard; name = Base; path = Base.lproj/LaunchScreen.storyboard; sourceTree = "<group>"; };
		ED42256B22E477D800884790 /* Info.plist */ = {isa = PBXFileReference; lastKnownFileType = text.plist.xml; path = Info.plist; sourceTree = "<group>"; };
		ED42257222E5863E00884790 /* Font-Helpers.swift */ = {isa = PBXFileReference; lastKnownFileType = sourcecode.swift; path = "Font-Helpers.swift"; sourceTree = "<group>"; };
/* End PBXFileReference section */

/* Begin PBXFrameworksBuildPhase section */
		ED42255922E477D600884790 /* Frameworks */ = {
			isa = PBXFrameworksBuildPhase;
			buildActionMask = 2147483647;
			files = (
			);
			runOnlyForDeploymentPostprocessing = 0;
		};
/* End PBXFrameworksBuildPhase section */

/* Begin PBXGroup section */
		ED42255322E477D600884790 = {
			isa = PBXGroup;
			children = (
				ED42255E22E477D600884790 /* Online Doğru Yanlış */,
				ED42255D22E477D600884790 /* Products */,
			);
			sourceTree = "<group>";
		};
		ED42255D22E477D600884790 /* Products */ = {
			isa = PBXGroup;
			children = (
				ED42255C22E477D600884790 /* Online Doğru Yanlış.app */,
			);
			name = Products;
			sourceTree = "<group>";
		};
		ED42255E22E477D600884790 /* Online Doğru Yanlış */ = {
			isa = PBXGroup;
			children = (
				ED42255F22E477D600884790 /* AppDelegate.swift */,
				ED42256122E477D600884790 /* MainViewController.swift */,
				ED42257422E5976900884790 /* Extensions */,
				ED42256322E477D600884790 /* Main.storyboard */,
				ED42257122E4792100884790 /* Supporting Files */,
				ED42256B22E477D800884790 /* Info.plist */,
			);
			path = "Online Doğru Yanlış";
			sourceTree = "<group>";
		};
		ED42257122E4792100884790 /* Supporting Files */ = {
			isa = PBXGroup;
			children = (
				ED42256622E477D800884790 /* Assets.xcassets */,
				ED42256822E477D800884790 /* LaunchScreen.storyboard */,
			);
			path = "Supporting Files";
			sourceTree = "<group>";
		};
		ED42257422E5976900884790 /* Extensions */ = {
			isa = PBXGroup;
			children = (
				ED42257222E5863E00884790 /* Font-Helpers.swift */,
			);
			path = Extensions;
			sourceTree = "<group>";
		};
/* End PBXGroup section */

/* Begin PBXNativeTarget section */
		ED42255B22E477D600884790 /* Online Doğru Yanlış */ = {
			isa = PBXNativeTarget;
			buildConfigurationList = ED42256E22E477D800884790 /* Build configuration list for PBXNativeTarget "Online Doğru Yanlış" */;
			buildPhases = (
				ED42255822E477D600884790 /* Sources */,
				ED42255922E477D600884790 /* Frameworks */,
				ED42255A22E477D600884790 /* Resources */,
			);
			buildRules = (
			);
			dependencies = (
			);
			name = "Online Doğru Yanlış";
			productName = "Online Doğru Yanlış";
			productReference = ED42255C22E477D600884790 /* Online Doğru Yanlış.app */;
			productType = "com.apple.product-type.application";
		};
/* End PBXNativeTarget section */

/* Begin PBXProject section */
		ED42255422E477D600884790 /* Project object */ = {
			isa = PBXProject;
			attributes = {
				LastSwiftUpdateCheck = 1020;
				LastUpgradeCheck = 1020;
				ORGANIZATIONNAME = "omur olgunay";
				TargetAttributes = {
					ED42255B22E477D600884790 = {
						CreatedOnToolsVersion = 10.2.1;
					};
				};
			};
			buildConfigurationList = ED42255722E477D600884790 /* Build configuration list for PBXProject "Online Doğru Yanlış" */;
			compatibilityVersion = "Xcode 9.3";
			developmentRegion = en;
			hasScannedForEncodings = 0;
			knownRegions = (
				en,
				Base,
			);
			mainGroup = ED42255322E477D600884790;
			productRefGroup = ED42255D22E477D600884790 /* Products */;
			projectDirPath = "";
			projectRoot = "";
			targets = (
				ED42255B22E477D600884790 /* Online Doğru Yanlış */,
			);
		};
/* End PBXProject section */

/* Begin PBXResourcesBuildPhase section */
		ED42255A22E477D600884790 /* Resources */ = {
			isa = PBXResourcesBuildPhase;
			buildActionMask = 2147483647;
			files = (
				ED42256A22E477D800884790 /* LaunchScreen.storyboard in Resources */,
				ED42256722E477D800884790 /* Assets.xcassets in Resources */,
				ED42256522E477D600884790 /* Main.storyboard in Resources */,
			);
			runOnlyForDeploymentPostprocessing = 0;
		};
/* End PBXResourcesBuildPhase section */

/* Begin PBXSourcesBuildPhase section */
		ED42255822E477D600884790 /* Sources */ = {
			isa = PBXSourcesBuildPhase;
			buildActionMask = 2147483647;
			files = (
				ED42256222E477D600884790 /* MainViewController.swift in Sources */,
				ED42256022E477D600884790 /* AppDelegate.swift in Sources */,
				ED42257322E5863E00884790 /* Font-Helpers.swift in Sources */,
			);
			runOnlyForDeploymentPostprocessing = 0;
		};
/* End PBXSourcesBuildPhase section */

/* Begin PBXVariantGroup section */
		ED42256322E477D600884790 /* Main.storyboard */ = {
			isa = PBXVariantGroup;
			children = (
				ED42256422E477D600884790 /* Base */,
			);
			name = Main.storyboard;
			sourceTree = "<group>";
		};
		ED42256822E477D800884790 /* LaunchScreen.storyboard */ = {
			isa = PBXVariantGroup;
			children = (
				ED42256922E477D800884790 /* Base */,
			);
			name = LaunchScreen.storyboard;
			sourceTree = "<group>";
		};
/* End PBXVariantGroup section */

/* Begin XCBuildConfiguration section */
		ED42256C22E477D800884790 /* Debug */ = {
			isa = XCBuildConfiguration;
			buildSettings = {
				ALWAYS_SEARCH_USER_PATHS = NO;
				CLANG_ANALYZER_NONNULL = YES;
				CLANG_ANALYZER_NUMBER_OBJECT_CONVERSION = YES_AGGRESSIVE;
				CLANG_CXX_LANGUAGE_STANDARD = "gnu++14";
				CLANG_CXX_LIBRARY = "libc++";
				CLANG_ENABLE_MODULES = YES;
				CLANG_ENABLE_OBJC_ARC = YES;
				CLANG_ENABLE_OBJC_WEAK = YES;
				CLANG_WARN_BLOCK_CAPTURE_AUTORELEASING = YES;
				CLANG_WARN_BOOL_CONVERSION = YES;
				CLANG_WARN_COMMA = YES;
				CLANG_WARN_CONSTANT_CONVERSION = YES;
				CLANG_WARN_DEPRECATED_OBJC_IMPLEMENTATIONS = YES;
				CLANG_WARN_DIRECT_OBJC_ISA_USAGE = YES_ERROR;
				CLANG_WARN_DOCUMENTATION_COMMENTS = YES;
				CLANG_WARN_EMPTY_BODY = YES;
				CLANG_WARN_ENUM_CONVERSION = YES;
				CLANG_WARN_INFINITE_RECURSION = YES;
				CLANG_WARN_INT_CONVERSION = YES;
				CLANG_WARN_NON_LITERAL_NULL_CONVERSION = YES;
				CLANG_WARN_OBJC_IMPLICIT_RETAIN_SELF = YES;
				CLANG_WARN_OBJC_LITERAL_CONVERSION = YES;
				CLANG_WARN_OBJC_ROOT_CLASS = YES_ERROR;
				CLANG_WARN_RANGE_LOOP_ANALYSIS = YES;
				CLANG_WARN_STRICT_PROTOTYPES = YES;
				CLANG_WARN_SUSPICIOUS_MOVE = YES;
				CLANG_WARN_UNGUARDED_AVAILABILITY = YES_AGGRESSIVE;
				CLANG_WARN_UNREACHABLE_CODE = YES;
				CLANG_WARN__DUPLICATE_METHOD_MATCH = YES;
				CODE_SIGN_IDENTITY = "iPhone Developer";
				COPY_PHASE_STRIP = NO;
				DEBUG_INFORMATION_FORMAT = dwarf;
				ENABLE_STRICT_OBJC_MSGSEND = YES;
				ENABLE_TESTABILITY = YES;
				GCC_C_LANGUAGE_STANDARD = gnu11;
				GCC_DYNAMIC_NO_PIC = NO;
				GCC_NO_COMMON_BLOCKS = YES;
				GCC_OPTIMIZATION_LEVEL = 0;
				GCC_PREPROCESSOR_DEFINITIONS = (
					"DEBUG=1",
					"$(inherited)",
				);
				GCC_WARN_64_TO_32_BIT_CONVERSION = YES;
				GCC_WARN_ABOUT_RETURN_TYPE = YES_ERROR;
				GCC_WARN_UNDECLARED_SELECTOR = YES;
				GCC_WARN_UNINITIALIZED_AUTOS = YES_AGGRESSIVE;
				GCC_WARN_UNUSED_FUNCTION = YES;
				GCC_WARN_UNUSED_VARIABLE = YES;
				IPHONEOS_DEPLOYMENT_TARGET = 12.2;
				MTL_ENABLE_DEBUG_INFO = INCLUDE_SOURCE;
				MTL_FAST_MATH = YES;
				ONLY_ACTIVE_ARCH = YES;
				SDKROOT = iphoneos;
				SWIFT_ACTIVE_COMPILATION_CONDITIONS = DEBUG;
				SWIFT_OPTIMIZATION_LEVEL = "-Onone";
			};
			name = Debug;
		};
		ED42256D22E477D800884790 /* Release */ = {
			isa = XCBuildConfiguration;
			buildSettings = {
				ALWAYS_SEARCH_USER_PATHS = NO;
				CLANG_ANALYZER_NONNULL = YES;
				CLANG_ANALYZER_NUMBER_OBJECT_CONVERSION = YES_AGGRESSIVE;
				CLANG_CXX_LANGUAGE_STANDARD = "gnu++14";
				CLANG_CXX_LIBRARY = "libc++";
				CLANG_ENABLE_MODULES = YES;
				CLANG_ENABLE_OBJC_ARC = YES;
				CLANG_ENABLE_OBJC_WEAK = YES;
				CLANG_WARN_BLOCK_CAPTURE_AUTORELEASING = YES;
				CLANG_WARN_BOOL_CONVERSION = YES;
				CLANG_WARN_COMMA = YES;
				CLANG_WARN_CONSTANT_CONVERSION = YES;
				CLANG_WARN_DEPRECATED_OBJC_IMPLEMENTATIONS = YES;
				CLANG_WARN_DIRECT_OBJC_ISA_USAGE = YES_ERROR;
				CLANG_WARN_DOCUMENTATION_COMMENTS = YES;
				CLANG_WARN_EMPTY_BODY = YES;
				CLANG_WARN_ENUM_CONVERSION = YES;
				CLANG_WARN_INFINITE_RECURSION = YES;
				CLANG_WARN_INT_CONVERSION = YES;
				CLANG_WARN_NON_LITERAL_NULL_CONVERSION = YES;
				CLANG_WARN_OBJC_IMPLICIT_RETAIN_SELF = YES;
				CLANG_WARN_OBJC_LITERAL_CONVERSION = YES;
				CLANG_WARN_OBJC_ROOT_CLASS = YES_ERROR;
				CLANG_WARN_RANGE_LOOP_ANALYSIS = YES;
				CLANG_WARN_STRICT_PROTOTYPES = YES;
				CLANG_WARN_SUSPICIOUS_MOVE = YES;
				CLANG_WARN_UNGUARDED_AVAILABILITY = YES_AGGRESSIVE;
				CLANG_WARN_UNREACHABLE_CODE = YES;
				CLANG_WARN__DUPLICATE_METHOD_MATCH = YES;
				CODE_SIGN_IDENTITY = "iPhone Developer";
				COPY_PHASE_STRIP = NO;
				DEBUG_INFORMATION_FORMAT = "dwarf-with-dsym";
				ENABLE_NS_ASSERTIONS = NO;
				ENABLE_STRICT_OBJC_MSGSEND = YES;
				GCC_C_LANGUAGE_STANDARD = gnu11;
				GCC_NO_COMMON_BLOCKS = YES;
				GCC_WARN_64_TO_32_BIT_CONVERSION = YES;
				GCC_WARN_ABOUT_RETURN_TYPE = YES_ERROR;
				GCC_WARN_UNDECLARED_SELECTOR = YES;
				GCC_WARN_UNINITIALIZED_AUTOS = YES_AGGRESSIVE;
				GCC_WARN_UNUSED_FUNCTION = YES;
				GCC_WARN_UNUSED_VARIABLE = YES;
				IPHONEOS_DEPLOYMENT_TARGET = 12.2;
				MTL_ENABLE_DEBUG_INFO = NO;
				MTL_FAST_MATH = YES;
				SDKROOT = iphoneos;
				SWIFT_COMPILATION_MODE = wholemodule;
				SWIFT_OPTIMIZATION_LEVEL = "-O";
				VALIDATE_PRODUCT = YES;
			};
			name = Release;
		};
		ED42256F22E477D800884790 /* Debug */ = {
			isa = XCBuildConfiguration;
			buildSettings = {
				ASSETCATALOG_COMPILER_APPICON_NAME = AppIcon;
				CODE_SIGN_STYLE = Automatic;
				DEVELOPMENT_TEAM = W6Q92ZA8LP;
				INFOPLIST_FILE = "Online Doğru Yanlış/Info.plist";
				IPHONEOS_DEPLOYMENT_TARGET = 10.4;
				LD_RUNPATH_SEARCH_PATHS = (
					"$(inherited)",
					"@executable_path/Frameworks",
				);
				PRODUCT_BUNDLE_IDENTIFIER = com.omurolgunay.tfgame;
				PRODUCT_NAME = "$(TARGET_NAME)";
				SWIFT_VERSION = 5.0;
				TARGETED_DEVICE_FAMILY = "1,2";
			};
			name = Debug;
		};
		ED42257022E477D800884790 /* Release */ = {
			isa = XCBuildConfiguration;
			buildSettings = {
				ASSETCATALOG_COMPILER_APPICON_NAME = AppIcon;
				CODE_SIGN_STYLE = Automatic;
				DEVELOPMENT_TEAM = W6Q92ZA8LP;
				INFOPLIST_FILE = "Online Doğru Yanlış/Info.plist";
				IPHONEOS_DEPLOYMENT_TARGET = 10.4;
				LD_RUNPATH_SEARCH_PATHS = (
					"$(inherited)",
					"@executable_path/Frameworks",
				);
				PRODUCT_BUNDLE_IDENTIFIER = com.omurolgunay.tfgame;
				PRODUCT_NAME = "$(TARGET_NAME)";
				SWIFT_VERSION = 5.0;
				TARGETED_DEVICE_FAMILY = "1,2";
			};
			name = Release;
		};
/* End XCBuildConfiguration section */

/* Begin XCConfigurationList section */
		ED42255722E477D600884790 /* Build configuration list for PBXProject "Online Doğru Yanlış" */ = {
			isa = XCConfigurationList;
			buildConfigurations = (
				ED42256C22E477D800884790 /* Debug */,
				ED42256D22E477D800884790 /* Release */,
			);
			defaultConfigurationIsVisible = 0;
			defaultConfigurationName = Release;
		};
		ED42256E22E477D800884790 /* Build configuration list for PBXNativeTarget "Online Doğru Yanlış" */ = {
			isa = XCConfigurationList;
			buildConfigurations = (
				ED42256F22E477D800884790 /* Debug */,
				ED42257022E477D800884790 /* Release */,
			);
			defaultConfigurationIsVisible = 0;
			defaultConfigurationName = Release;
		};
/* End XCConfigurationList section */
	};
	rootObject = ED42255422E477D600884790 /* Project object */;
}
